
Microsoft Visual Studio Solution File, Format Version 12.00
# Visual Studio Version 17
VisualStudioVersion = 17.4.33205.214
MinimumVisualStudioVersion = 10.0.40219.1
Project("{9A19103F-16F7-4668-BE54-9A1E7A4F7556}") = "ClubeDoLivro", "ClubeDoLivro.csproj", "{ED02BDAC-62DE-43E6-BC1C-61C911B4D332}"
EndProject
Project("{9A19103F-16F7-4668-BE54-9A1E7A4F7556}") = "ClubeDoLivro.Testes", "ClubeDoLivro.Testes\ClubeDoLivro.Testes.csproj", "{7EDB6989-2493-4457-8D17-661E3BD64660}"
EndProject
Global
	GlobalSection(SolutionConfigurationPlatforms) = preSolution
		Debug|Any CPU = Debug|Any CPU
		Release|Any CPU = Release|Any CPU
	EndGlobalSection
	GlobalSection(ProjectConfigurationPlatforms) = postSolution
		{ED02BDAC-62DE-43E6-BC1C-61C911B4D332}.Debug|Any CPU.ActiveCfg = Debug|Any CPU
		{ED02BDAC-62DE-43E6-BC1C-61C911B4D332}.Debug|Any CPU.Build.0 = Debug|Any CPU
		{ED02BDAC-62DE-43E6-BC1C-61C911B4D332}.Release|Any CPU.ActiveCfg = Release|Any CPU
		{ED02BDAC-62DE-43E6-BC1C-61C911B4D332}.Release|Any CPU.Build.0 = Release|Any CPU
		{7EDB6989-2493-4457-8D17-661E3BD64660}.Debug|Any CPU.ActiveCfg = Debug|Any CPU
		{7EDB6989-2493-4457-8D17-661E3BD64660}.Debug|Any CPU.Build.0 = Debug|Any CPU
		{7EDB6989-2493-4457-8D17-661E3BD64660}.Release|Any CPU.ActiveCfg = Release|Any CPU
		{7EDB6989-2493-4457-8D17-661E3BD64660}.Release|Any CPU.Build.0 = Release|Any CPU
	EndGlobalSection
	GlobalSection(SolutionProperties) = preSolution
		HideSolutionNode = FALSE
	EndGlobalSection
	GlobalSection(ExtensibilityGlobals) = postSolution
		SolutionGuid = {4E62680A-1E1E-4A54-B094-CFEAD4DE3053}
	EndGlobalSection
EndGlobal
